<?xml version="1.0" encoding="utf-8"?>
<Project ToolsVersion="4.0" xmlns="http://schemas.microsoft.com/developer/msbuild/2003">
  <ItemGroup>
    <Filter Include="Scene">
      <UniqueIdentifier>{f6b90392-600f-43cc-95f7-a21a1d41b5e9}</UniqueIdentifier>
    </Filter>
  </ItemGroup>
  <ItemGroup>
    <ClCompile Include="ButtonUI_Scene.cpp">
      <Filter>Scene</Filter>
    </ClCompile>
    <ClCompile Include="CheckBox_UI_Scene.cpp">
      <Filter>Scene</Filter>
    </ClCompile>
    <ClCompile Include="EditBox_Scene.cpp">
      <Filter>Scene</Filter>
    </ClCompile>
    <ClCompile Include="RadioButton_UI_Scene.cpp">
      <Filter>Scene</Filter>
    </ClCompile>
    <ClCompile Include="main.cpp" />
  </ItemGroup>
  <ItemGroup>
    <ClInclude Include="ButtonUI_Scene.h">
      <Filter>Scene</Filter>
    </ClInclude>
    <ClInclude Include="CheckBox_UI_Scene.h">
      <Filter>Scene</Filter>
    </ClInclude>
    <ClInclude Include="EditBox_Scene.h">
      <Filter>Scene</Filter>
    </ClInclude>
    <ClInclude Include="RadioButton_UI_Scene.h">
      <Filter>Scene</Filter>
    </ClInclude>
  </ItemGroup>
</Project>